
Microsoft Visual Studio Solution File, Format Version 12.00
# Visual Studio Version 17
VisualStudioVersion = 17.0.31903.59
MinimumVisualStudioVersion = 10.0.40219.1
Project("{2150E333-8FDC-42A3-9474-1A3956D46DE8}") = "Solution Items", "Solution Items", "{281C94EA-3B55-4048-B8A0-9EF55BF3DA60}"
	ProjectSection(SolutionItems) = preProject
		.editorconfig = .editorconfig
		global.json = global.json
		WinUI migration.txt = WinUI migration.txt
	EndProjectSection
EndProject
Project("{9A19103F-16F7-4668-BE54-9A1E7A4F7556}") = "QuAnalyzer.Features.Tests", "QuAnalyzer.Tests\QuAnalyzer.Features.Tests.csproj", "{D52514C5-F1DE-4EEF-9619-C47966E6C335}"
EndProject
Project("{9A19103F-16F7-4668-BE54-9A1E7A4F7556}") = "QuAnalyzer.Features", "QuAnalyzer.Features\QuAnalyzer.Features.csproj", "{158DAE9D-02D1-4F07-B226-C812DF7ABDBF}"
EndProject
Project("{D954291E-2A0B-460D-934E-DC6B0785DB48}") = "QuAnalyzer.Shared", "QuAnalyzer.Shared\QuAnalyzer.Shared.shproj", "{6279C845-92F8-4333-AB99-3D213163593C}"
EndProject
Project("{2150E333-8FDC-42A3-9474-1A3956D46DE8}") = "Platforms", "Platforms", "{756F3E93-507C-46E4-87C8-C1A7F1BA5F6E}"
EndProject
Project("{9A19103F-16F7-4668-BE54-9A1E7A4F7556}") = "QuAnalyzer.Mobile", "QuAnalyzer.Platforms\QuAnalyzer.Mobile\QuAnalyzer.Mobile.csproj", "{33DD36A7-ECFE-4905-BAF1-9E2B5969C45D}"
EndProject
Project("{9A19103F-16F7-4668-BE54-9A1E7A4F7556}") = "QuAnalyzer.Skia.Gtk", "QuAnalyzer.Platforms\QuAnalyzer.Skia.Gtk\QuAnalyzer.Skia.Gtk.csproj", "{0AD123F1-FB0B-4DFC-AA17-6D3E41A29D8D}"
EndProject
Project("{9A19103F-16F7-4668-BE54-9A1E7A4F7556}") = "QuAnalyzer.Windows", "QuAnalyzer.Platforms\QuAnalyzer.Windows\QuAnalyzer.Windows.csproj", "{46A2CC2F-2E65-4E5A-A0E5-9E68271DA1DE}"
EndProject
Project("{9A19103F-16F7-4668-BE54-9A1E7A4F7556}") = "QuAnalyzer.Skia.Wpf", "QuAnalyzer.Platforms\QuAnalyzer.Skia.Wpf\QuAnalyzer.Skia.Wpf.csproj", "{552FF955-BFDB-40FE-A21F-F1BE6719F333}"
EndProject
Project("{9A19103F-16F7-4668-BE54-9A1E7A4F7556}") = "QuAnalyzer.Skia.Wpf.Host", "QuAnalyzer.Platforms\QuAnalyzer.Skia.Wpf.Host\QuAnalyzer.Skia.Wpf.Host.csproj", "{0A804DA6-A86D-4E55-BEEB-53F80670121C}"
EndProject
Global
	GlobalSection(SolutionConfigurationPlatforms) = preSolution
		Debug|Any CPU = Debug|Any CPU
		Debug|ARM = Debug|ARM
		Debug|ARM64 = Debug|ARM64
		Debug|x64 = Debug|x64
		Debug|x86 = Debug|x86
		Release|Any CPU = Release|Any CPU
		Release|ARM = Release|ARM
		Release|ARM64 = Release|ARM64
		Release|x64 = Release|x64
		Release|x86 = Release|x86
	EndGlobalSection
	GlobalSection(ProjectConfigurationPlatforms) = postSolution
		{D52514C5-F1DE-4EEF-9619-C47966E6C335}.Debug|Any CPU.ActiveCfg = Debug|Any CPU
		{D52514C5-F1DE-4EEF-9619-C47966E6C335}.Debug|Any CPU.Build.0 = Debug|Any CPU
		{D52514C5-F1DE-4EEF-9619-C47966E6C335}.Debug|ARM.ActiveCfg = Debug|Any CPU
		{D52514C5-F1DE-4EEF-9619-C47966E6C335}.Debug|ARM.Build.0 = Debug|Any CPU
		{D52514C5-F1DE-4EEF-9619-C47966E6C335}.Debug|ARM64.ActiveCfg = Debug|Any CPU
		{D52514C5-F1DE-4EEF-9619-C47966E6C335}.Debug|ARM64.Build.0 = Debug|Any CPU
		{D52514C5-F1DE-4EEF-9619-C47966E6C335}.Debug|x64.ActiveCfg = Debug|Any CPU
		{D52514C5-F1DE-4EEF-9619-C47966E6C335}.Debug|x64.Build.0 = Debug|Any CPU
		{D52514C5-F1DE-4EEF-9619-C47966E6C335}.Debug|x86.ActiveCfg = Debug|Any CPU
		{D52514C5-F1DE-4EEF-9619-C47966E6C335}.Debug|x86.Build.0 = Debug|Any CPU
		{D52514C5-F1DE-4EEF-9619-C47966E6C335}.Release|Any CPU.ActiveCfg = Release|Any CPU
		{D52514C5-F1DE-4EEF-9619-C47966E6C335}.Release|Any CPU.Build.0 = Release|Any CPU
		{D52514C5-F1DE-4EEF-9619-C47966E6C335}.Release|ARM.ActiveCfg = Release|Any CPU
		{D52514C5-F1DE-4EEF-9619-C47966E6C335}.Release|ARM.Build.0 = Release|Any CPU
		{D52514C5-F1DE-4EEF-9619-C47966E6C335}.Release|ARM64.ActiveCfg = Release|Any CPU
		{D52514C5-F1DE-4EEF-9619-C47966E6C335}.Release|ARM64.Build.0 = Release|Any CPU
		{D52514C5-F1DE-4EEF-9619-C47966E6C335}.Release|x64.ActiveCfg = Release|Any CPU
		{D52514C5-F1DE-4EEF-9619-C47966E6C335}.Release|x64.Build.0 = Release|Any CPU
		{D52514C5-F1DE-4EEF-9619-C47966E6C335}.Release|x86.ActiveCfg = Release|Any CPU
		{D52514C5-F1DE-4EEF-9619-C47966E6C335}.Release|x86.Build.0 = Release|Any CPU
		{158DAE9D-02D1-4F07-B226-C812DF7ABDBF}.Debug|Any CPU.ActiveCfg = Debug|Any CPU
		{158DAE9D-02D1-4F07-B226-C812DF7ABDBF}.Debug|Any CPU.Build.0 = Debug|Any CPU
		{158DAE9D-02D1-4F07-B226-C812DF7ABDBF}.Debug|ARM.ActiveCfg = Debug|Any CPU
		{158DAE9D-02D1-4F07-B226-C812DF7ABDBF}.Debug|ARM.Build.0 = Debug|Any CPU
		{158DAE9D-02D1-4F07-B226-C812DF7ABDBF}.Debug|ARM64.ActiveCfg = Debug|Any CPU
		{158DAE9D-02D1-4F07-B226-C812DF7ABDBF}.Debug|ARM64.Build.0 = Debug|Any CPU
		{158DAE9D-02D1-4F07-B226-C812DF7ABDBF}.Debug|x64.ActiveCfg = Debug|Any CPU
		{158DAE9D-02D1-4F07-B226-C812DF7ABDBF}.Debug|x64.Build.0 = Debug|Any CPU
		{158DAE9D-02D1-4F07-B226-C812DF7ABDBF}.Debug|x86.ActiveCfg = Debug|Any CPU
		{158DAE9D-02D1-4F07-B226-C812DF7ABDBF}.Debug|x86.Build.0 = Debug|Any CPU
		{158DAE9D-02D1-4F07-B226-C812DF7ABDBF}.Release|Any CPU.ActiveCfg = Release|Any CPU
		{158DAE9D-02D1-4F07-B226-C812DF7ABDBF}.Release|Any CPU.Build.0 = Release|Any CPU
		{158DAE9D-02D1-4F07-B226-C812DF7ABDBF}.Release|ARM.ActiveCfg = Release|Any CPU
		{158DAE9D-02D1-4F07-B226-C812DF7ABDBF}.Release|ARM.Build.0 = Release|Any CPU
		{158DAE9D-02D1-4F07-B226-C812DF7ABDBF}.Release|ARM64.ActiveCfg = Release|Any CPU
		{158DAE9D-02D1-4F07-B226-C812DF7ABDBF}.Release|ARM64.Build.0 = Release|Any CPU
		{158DAE9D-02D1-4F07-B226-C812DF7ABDBF}.Release|x64.ActiveCfg = Release|Any CPU
		{158DAE9D-02D1-4F07-B226-C812DF7ABDBF}.Release|x64.Build.0 = Release|Any CPU
		{158DAE9D-02D1-4F07-B226-C812DF7ABDBF}.Release|x86.ActiveCfg = Release|Any CPU
		{158DAE9D-02D1-4F07-B226-C812DF7ABDBF}.Release|x86.Build.0 = Release|Any CPU
		{33DD36A7-ECFE-4905-BAF1-9E2B5969C45D}.Debug|Any CPU.ActiveCfg = Debug|Any CPU
		{33DD36A7-ECFE-4905-BAF1-9E2B5969C45D}.Debug|Any CPU.Build.0 = Debug|Any CPU
		{33DD36A7-ECFE-4905-BAF1-9E2B5969C45D}.Debug|ARM.ActiveCfg = Debug|Any CPU
		{33DD36A7-ECFE-4905-BAF1-9E2B5969C45D}.Debug|ARM.Build.0 = Debug|Any CPU
		{33DD36A7-ECFE-4905-BAF1-9E2B5969C45D}.Debug|ARM64.ActiveCfg = Debug|Any CPU
		{33DD36A7-ECFE-4905-BAF1-9E2B5969C45D}.Debug|ARM64.Build.0 = Debug|Any CPU
		{33DD36A7-ECFE-4905-BAF1-9E2B5969C45D}.Debug|x64.ActiveCfg = Debug|Any CPU
		{33DD36A7-ECFE-4905-BAF1-9E2B5969C45D}.Debug|x64.Build.0 = Debug|Any CPU
		{33DD36A7-ECFE-4905-BAF1-9E2B5969C45D}.Debug|x86.ActiveCfg = Debug|Any CPU
		{33DD36A7-ECFE-4905-BAF1-9E2B5969C45D}.Debug|x86.Build.0 = Debug|Any CPU
		{33DD36A7-ECFE-4905-BAF1-9E2B5969C45D}.Release|Any CPU.ActiveCfg = Release|Any CPU
		{33DD36A7-ECFE-4905-BAF1-9E2B5969C45D}.Release|Any CPU.Build.0 = Release|Any CPU
		{33DD36A7-ECFE-4905-BAF1-9E2B5969C45D}.Release|ARM.ActiveCfg = Release|Any CPU
		{33DD36A7-ECFE-4905-BAF1-9E2B5969C45D}.Release|ARM.Build.0 = Release|Any CPU
		{33DD36A7-ECFE-4905-BAF1-9E2B5969C45D}.Release|ARM64.ActiveCfg = Release|Any CPU
		{33DD36A7-ECFE-4905-BAF1-9E2B5969C45D}.Release|ARM64.Build.0 = Release|Any CPU
		{33DD36A7-ECFE-4905-BAF1-9E2B5969C45D}.Release|x64.ActiveCfg = Release|Any CPU
		{33DD36A7-ECFE-4905-BAF1-9E2B5969C45D}.Release|x64.Build.0 = Release|Any CPU
		{33DD36A7-ECFE-4905-BAF1-9E2B5969C45D}.Release|x86.ActiveCfg = Release|Any CPU
		{33DD36A7-ECFE-4905-BAF1-9E2B5969C45D}.Release|x86.Build.0 = Release|Any CPU
		{0AD123F1-FB0B-4DFC-AA17-6D3E41A29D8D}.Debug|Any CPU.ActiveCfg = Debug|Any CPU
		{0AD123F1-FB0B-4DFC-AA17-6D3E41A29D8D}.Debug|Any CPU.Build.0 = Debug|Any CPU
		{0AD123F1-FB0B-4DFC-AA17-6D3E41A29D8D}.Debug|ARM.ActiveCfg = Debug|Any CPU
		{0AD123F1-FB0B-4DFC-AA17-6D3E41A29D8D}.Debug|ARM.Build.0 = Debug|Any CPU
		{0AD123F1-FB0B-4DFC-AA17-6D3E41A29D8D}.Debug|ARM64.ActiveCfg = Debug|Any CPU
		{0AD123F1-FB0B-4DFC-AA17-6D3E41A29D8D}.Debug|ARM64.Build.0 = Debug|Any CPU
		{0AD123F1-FB0B-4DFC-AA17-6D3E41A29D8D}.Debug|x64.ActiveCfg = Debug|Any CPU
		{0AD123F1-FB0B-4DFC-AA17-6D3E41A29D8D}.Debug|x64.Build.0 = Debug|Any CPU
		{0AD123F1-FB0B-4DFC-AA17-6D3E41A29D8D}.Debug|x86.ActiveCfg = Debug|Any CPU
		{0AD123F1-FB0B-4DFC-AA17-6D3E41A29D8D}.Debug|x86.Build.0 = Debug|Any CPU
		{0AD123F1-FB0B-4DFC-AA17-6D3E41A29D8D}.Release|Any CPU.ActiveCfg = Release|Any CPU
		{0AD123F1-FB0B-4DFC-AA17-6D3E41A29D8D}.Release|Any CPU.Build.0 = Release|Any CPU
		{0AD123F1-FB0B-4DFC-AA17-6D3E41A29D8D}.Release|ARM.ActiveCfg = Release|Any CPU
		{0AD123F1-FB0B-4DFC-AA17-6D3E41A29D8D}.Release|ARM.Build.0 = Release|Any CPU
		{0AD123F1-FB0B-4DFC-AA17-6D3E41A29D8D}.Release|ARM64.ActiveCfg = Release|Any CPU
		{0AD123F1-FB0B-4DFC-AA17-6D3E41A29D8D}.Release|ARM64.Build.0 = Release|Any CPU
		{0AD123F1-FB0B-4DFC-AA17-6D3E41A29D8D}.Release|x64.ActiveCfg = Release|Any CPU
		{0AD123F1-FB0B-4DFC-AA17-6D3E41A29D8D}.Release|x64.Build.0 = Release|Any CPU
		{0AD123F1-FB0B-4DFC-AA17-6D3E41A29D8D}.Release|x86.ActiveCfg = Release|Any CPU
		{0AD123F1-FB0B-4DFC-AA17-6D3E41A29D8D}.Release|x86.Build.0 = Release|Any CPU
		{46A2CC2F-2E65-4E5A-A0E5-9E68271DA1DE}.Debug|Any CPU.ActiveCfg = Debug|x64
		{46A2CC2F-2E65-4E5A-A0E5-9E68271DA1DE}.Debug|Any CPU.Build.0 = Debug|x64
		{46A2CC2F-2E65-4E5A-A0E5-9E68271DA1DE}.Debug|Any CPU.Deploy.0 = Debug|x64
		{46A2CC2F-2E65-4E5A-A0E5-9E68271DA1DE}.Debug|ARM.ActiveCfg = Debug|x64
		{46A2CC2F-2E65-4E5A-A0E5-9E68271DA1DE}.Debug|ARM.Build.0 = Debug|x64
		{46A2CC2F-2E65-4E5A-A0E5-9E68271DA1DE}.Debug|ARM.Deploy.0 = Debug|x64
		{46A2CC2F-2E65-4E5A-A0E5-9E68271DA1DE}.Debug|ARM64.ActiveCfg = Debug|arm64
		{46A2CC2F-2E65-4E5A-A0E5-9E68271DA1DE}.Debug|ARM64.Build.0 = Debug|arm64
		{46A2CC2F-2E65-4E5A-A0E5-9E68271DA1DE}.Debug|ARM64.Deploy.0 = Debug|arm64
		{46A2CC2F-2E65-4E5A-A0E5-9E68271DA1DE}.Debug|x64.ActiveCfg = Debug|x64
		{46A2CC2F-2E65-4E5A-A0E5-9E68271DA1DE}.Debug|x64.Build.0 = Debug|x64
		{46A2CC2F-2E65-4E5A-A0E5-9E68271DA1DE}.Debug|x64.Deploy.0 = Debug|x64
		{46A2CC2F-2E65-4E5A-A0E5-9E68271DA1DE}.Debug|x86.ActiveCfg = Debug|x86
		{46A2CC2F-2E65-4E5A-A0E5-9E68271DA1DE}.Debug|x86.Build.0 = Debug|x86
		{46A2CC2F-2E65-4E5A-A0E5-9E68271DA1DE}.Debug|x86.Deploy.0 = Debug|x86
		{46A2CC2F-2E65-4E5A-A0E5-9E68271DA1DE}.Release|Any CPU.ActiveCfg = Release|x64
		{46A2CC2F-2E65-4E5A-A0E5-9E68271DA1DE}.Release|Any CPU.Build.0 = Release|x64
		{46A2CC2F-2E65-4E5A-A0E5-9E68271DA1DE}.Release|Any CPU.Deploy.0 = Release|x64
		{46A2CC2F-2E65-4E5A-A0E5-9E68271DA1DE}.Release|ARM.ActiveCfg = Release|x64
		{46A2CC2F-2E65-4E5A-A0E5-9E68271DA1DE}.Release|ARM.Build.0 = Release|x64
		{46A2CC2F-2E65-4E5A-A0E5-9E68271DA1DE}.Release|ARM.Deploy.0 = Release|x64
		{46A2CC2F-2E65-4E5A-A0E5-9E68271DA1DE}.Release|ARM64.ActiveCfg = Release|arm64
		{46A2CC2F-2E65-4E5A-A0E5-9E68271DA1DE}.Release|ARM64.Build.0 = Release|arm64
		{46A2CC2F-2E65-4E5A-A0E5-9E68271DA1DE}.Release|ARM64.Deploy.0 = Release|arm64
		{46A2CC2F-2E65-4E5A-A0E5-9E68271DA1DE}.Release|x64.ActiveCfg = Release|x64
		{46A2CC2F-2E65-4E5A-A0E5-9E68271DA1DE}.Release|x64.Build.0 = Release|x64
		{46A2CC2F-2E65-4E5A-A0E5-9E68271DA1DE}.Release|x64.Deploy.0 = Release|x64
		{46A2CC2F-2E65-4E5A-A0E5-9E68271DA1DE}.Release|x86.ActiveCfg = Release|x86
		{46A2CC2F-2E65-4E5A-A0E5-9E68271DA1DE}.Release|x86.Build.0 = Release|x86
		{46A2CC2F-2E65-4E5A-A0E5-9E68271DA1DE}.Release|x86.Deploy.0 = Release|x86
		{552FF955-BFDB-40FE-A21F-F1BE6719F333}.Debug|Any CPU.ActiveCfg = Debug|Any CPU
		{552FF955-BFDB-40FE-A21F-F1BE6719F333}.Debug|Any CPU.Build.0 = Debug|Any CPU
		{552FF955-BFDB-40FE-A21F-F1BE6719F333}.Debug|ARM.ActiveCfg = Debug|Any CPU
		{552FF955-BFDB-40FE-A21F-F1BE6719F333}.Debug|ARM.Build.0 = Debug|Any CPU
		{552FF955-BFDB-40FE-A21F-F1BE6719F333}.Debug|ARM64.ActiveCfg = Debug|Any CPU
		{552FF955-BFDB-40FE-A21F-F1BE6719F333}.Debug|ARM64.Build.0 = Debug|Any CPU
		{552FF955-BFDB-40FE-A21F-F1BE6719F333}.Debug|x64.ActiveCfg = Debug|Any CPU
		{552FF955-BFDB-40FE-A21F-F1BE6719F333}.Debug|x64.Build.0 = Debug|Any CPU
		{552FF955-BFDB-40FE-A21F-F1BE6719F333}.Debug|x86.ActiveCfg = Debug|Any CPU
		{552FF955-BFDB-40FE-A21F-F1BE6719F333}.Debug|x86.Build.0 = Debug|Any CPU
		{552FF955-BFDB-40FE-A21F-F1BE6719F333}.Release|Any CPU.ActiveCfg = Release|Any CPU
		{552FF955-BFDB-40FE-A21F-F1BE6719F333}.Release|Any CPU.Build.0 = Release|Any CPU
		{552FF955-BFDB-40FE-A21F-F1BE6719F333}.Release|ARM.ActiveCfg = Release|Any CPU
		{552FF955-BFDB-40FE-A21F-F1BE6719F333}.Release|ARM.Build.0 = Release|Any CPU
		{552FF955-BFDB-40FE-A21F-F1BE6719F333}.Release|ARM64.ActiveCfg = Release|Any CPU
		{552FF955-BFDB-40FE-A21F-F1BE6719F333}.Release|ARM64.Build.0 = Release|Any CPU
		{552FF955-BFDB-40FE-A21F-F1BE6719F333}.Release|x64.ActiveCfg = Release|Any CPU
		{552FF955-BFDB-40FE-A21F-F1BE6719F333}.Release|x64.Build.0 = Release|Any CPU
		{552FF955-BFDB-40FE-A21F-F1BE6719F333}.Release|x86.ActiveCfg = Release|Any CPU
		{552FF955-BFDB-40FE-A21F-F1BE6719F333}.Release|x86.Build.0 = Release|Any CPU
		{0A804DA6-A86D-4E55-BEEB-53F80670121C}.Debug|Any CPU.ActiveCfg = Debug|Any CPU
		{0A804DA6-A86D-4E55-BEEB-53F80670121C}.Debug|Any CPU.Build.0 = Debug|Any CPU
		{0A804DA6-A86D-4E55-BEEB-53F80670121C}.Debug|ARM.ActiveCfg = Debug|Any CPU
		{0A804DA6-A86D-4E55-BEEB-53F80670121C}.Debug|ARM.Build.0 = Debug|Any CPU
		{0A804DA6-A86D-4E55-BEEB-53F80670121C}.Debug|ARM64.ActiveCfg = Debug|Any CPU
		{0A804DA6-A86D-4E55-BEEB-53F80670121C}.Debug|ARM64.Build.0 = Debug|Any CPU
		{0A804DA6-A86D-4E55-BEEB-53F80670121C}.Debug|x64.ActiveCfg = Debug|Any CPU
		{0A804DA6-A86D-4E55-BEEB-53F80670121C}.Debug|x64.Build.0 = Debug|Any CPU
		{0A804DA6-A86D-4E55-BEEB-53F80670121C}.Debug|x86.ActiveCfg = Debug|Any CPU
		{0A804DA6-A86D-4E55-BEEB-53F80670121C}.Debug|x86.Build.0 = Debug|Any CPU
		{0A804DA6-A86D-4E55-BEEB-53F80670121C}.Release|Any CPU.ActiveCfg = Release|Any CPU
		{0A804DA6-A86D-4E55-BEEB-53F80670121C}.Release|Any CPU.Build.0 = Release|Any CPU
		{0A804DA6-A86D-4E55-BEEB-53F80670121C}.Release|ARM.ActiveCfg = Release|Any CPU
		{0A804DA6-A86D-4E55-BEEB-53F80670121C}.Release|ARM.Build.0 = Release|Any CPU
		{0A804DA6-A86D-4E55-BEEB-53F80670121C}.Release|ARM64.ActiveCfg = Release|Any CPU
		{0A804DA6-A86D-4E55-BEEB-53F80670121C}.Release|ARM64.Build.0 = Release|Any CPU
		{0A804DA6-A86D-4E55-BEEB-53F80670121C}.Release|x64.ActiveCfg = Release|Any CPU
		{0A804DA6-A86D-4E55-BEEB-53F80670121C}.Release|x64.Build.0 = Release|Any CPU
		{0A804DA6-A86D-4E55-BEEB-53F80670121C}.Release|x86.ActiveCfg = Release|Any CPU
		{0A804DA6-A86D-4E55-BEEB-53F80670121C}.Release|x86.Build.0 = Release|Any CPU
	EndGlobalSection
	GlobalSection(SolutionProperties) = preSolution
		HideSolutionNode = FALSE
	EndGlobalSection
	GlobalSection(NestedProjects) = preSolution
		{33DD36A7-ECFE-4905-BAF1-9E2B5969C45D} = {756F3E93-507C-46E4-87C8-C1A7F1BA5F6E}
		{0AD123F1-FB0B-4DFC-AA17-6D3E41A29D8D} = {756F3E93-507C-46E4-87C8-C1A7F1BA5F6E}
		{46A2CC2F-2E65-4E5A-A0E5-9E68271DA1DE} = {756F3E93-507C-46E4-87C8-C1A7F1BA5F6E}
		{552FF955-BFDB-40FE-A21F-F1BE6719F333} = {756F3E93-507C-46E4-87C8-C1A7F1BA5F6E}
		{0A804DA6-A86D-4E55-BEEB-53F80670121C} = {756F3E93-507C-46E4-87C8-C1A7F1BA5F6E}
	EndGlobalSection
	GlobalSection(ExtensibilityGlobals) = postSolution
		SolutionGuid = {4BB7C6B8-DAF4-4E01-B502-9E26075F82B2}
	EndGlobalSection
	GlobalSection(SharedMSBuildProjectFiles) = preSolution
		QuAnalyzer.Shared\QuAnalyzer.Shared.projitems*{0ad123f1-fb0b-4dfc-aa17-6d3e41a29d8d}*SharedItemsImports = 5
		QuAnalyzer.Shared\QuAnalyzer.Shared.projitems*{33dd36a7-ecfe-4905-baf1-9e2b5969c45d}*SharedItemsImports = 5
		QuAnalyzer.Shared\QuAnalyzer.Shared.projitems*{46a2cc2f-2e65-4e5a-a0e5-9e68271da1de}*SharedItemsImports = 5
		QuAnalyzer.Shared\QuAnalyzer.Shared.projitems*{552ff955-bfdb-40fe-a21f-f1be6719f333}*SharedItemsImports = 5
		QuAnalyzer.Shared\QuAnalyzer.Shared.projitems*{6279c845-92f8-4333-ab99-3d213163593c}*SharedItemsImports = 13
	EndGlobalSection
	GlobalSection(Performance) = preSolution
		HasPerformanceSessions = true
	EndGlobalSection
EndGlobal
