
Microsoft Visual Studio Solution File, Format Version 12.00
# Visual Studio Version 16
VisualStudioVersion = 16.0.28803.156
MinimumVisualStudioVersion = 10.0.40219.1
Project("{9A19103F-16F7-4668-BE54-9A1E7A4F7556}") = "QuAnalyzer", "QuAnalyzer\QuAnalyzer.csproj", "{C080DFD3-CC65-4442-96FB-A8C08630398F}"
EndProject
Project("{FAE04EC0-301F-11D3-BF4B-00C04F79EFBC}") = "QuAnalyzer.UWP", "QuAnalyzer.UWP\QuAnalyzer.UWP.csproj", "{801DC074-E837-4638-ADC6-FFF4DC3D3015}"
EndProject
Project("{9A19103F-16F7-4668-BE54-9A1E7A4F7556}") = "QuAnalyzer.WPF", "QuAnalyzer.WPF\QuAnalyzer.WPF.csproj", "{D88066F1-85D6-424F-BB50-18A3BFDD943D}"
EndProject
Project("{D954291E-2A0B-460D-934E-DC6B0785DB48}") = "QuAnalyzer.Shared", "QuAnalyzer.Shared\QuAnalyzer.Shared.shproj", "{E31B2DA0-E17F-4545-9D29-789F66D801CB}"
EndProject
Project("{2150E333-8FDC-42A3-9474-1A3956D46DE8}") = "Solution Items", "Solution Items", "{281C94EA-3B55-4048-B8A0-9EF55BF3DA60}"
	ProjectSection(SolutionItems) = preProject
		global.json = global.json
	EndProjectSection
EndProject
Project("{9A19103F-16F7-4668-BE54-9A1E7A4F7556}") = "ProxyClassesGenerator", "ProxyClassesGenerator\ProxyClassesGenerator.csproj", "{C2ED2104-390B-45D3-9ECA-B6A2E1FBC47A}"
EndProject
Global
	GlobalSection(SharedMSBuildProjectFiles) = preSolution
		QuAnalyzer.Shared\QuAnalyzer.Shared.projitems*{801dc074-e837-4638-adc6-fff4dc3d3015}*SharedItemsImports = 4
		QuAnalyzer.Shared\QuAnalyzer.Shared.projitems*{e31b2da0-e17f-4545-9d29-789f66d801cb}*SharedItemsImports = 13
	EndGlobalSection
	GlobalSection(SolutionConfigurationPlatforms) = preSolution
		Debug|Any CPU = Debug|Any CPU
		Debug|ARM = Debug|ARM
		Debug|ARM64 = Debug|ARM64
		Debug|x64 = Debug|x64
		Debug|x86 = Debug|x86
		Release|Any CPU = Release|Any CPU
		Release|ARM = Release|ARM
		Release|ARM64 = Release|ARM64
		Release|x64 = Release|x64
		Release|x86 = Release|x86
	EndGlobalSection
	GlobalSection(ProjectConfigurationPlatforms) = postSolution
		{C080DFD3-CC65-4442-96FB-A8C08630398F}.Debug|Any CPU.ActiveCfg = Debug|Any CPU
		{C080DFD3-CC65-4442-96FB-A8C08630398F}.Debug|Any CPU.Build.0 = Debug|Any CPU
		{C080DFD3-CC65-4442-96FB-A8C08630398F}.Debug|ARM.ActiveCfg = Debug|Any CPU
		{C080DFD3-CC65-4442-96FB-A8C08630398F}.Debug|ARM.Build.0 = Debug|Any CPU
		{C080DFD3-CC65-4442-96FB-A8C08630398F}.Debug|ARM64.ActiveCfg = Debug|Any CPU
		{C080DFD3-CC65-4442-96FB-A8C08630398F}.Debug|ARM64.Build.0 = Debug|Any CPU
		{C080DFD3-CC65-4442-96FB-A8C08630398F}.Debug|x64.ActiveCfg = Debug|Any CPU
		{C080DFD3-CC65-4442-96FB-A8C08630398F}.Debug|x64.Build.0 = Debug|Any CPU
		{C080DFD3-CC65-4442-96FB-A8C08630398F}.Debug|x86.ActiveCfg = Debug|Any CPU
		{C080DFD3-CC65-4442-96FB-A8C08630398F}.Debug|x86.Build.0 = Debug|Any CPU
		{C080DFD3-CC65-4442-96FB-A8C08630398F}.Release|Any CPU.ActiveCfg = Release|Any CPU
		{C080DFD3-CC65-4442-96FB-A8C08630398F}.Release|Any CPU.Build.0 = Release|Any CPU
		{C080DFD3-CC65-4442-96FB-A8C08630398F}.Release|ARM.ActiveCfg = Release|Any CPU
		{C080DFD3-CC65-4442-96FB-A8C08630398F}.Release|ARM.Build.0 = Release|Any CPU
		{C080DFD3-CC65-4442-96FB-A8C08630398F}.Release|ARM64.ActiveCfg = Release|Any CPU
		{C080DFD3-CC65-4442-96FB-A8C08630398F}.Release|ARM64.Build.0 = Release|Any CPU
		{C080DFD3-CC65-4442-96FB-A8C08630398F}.Release|x64.ActiveCfg = Release|Any CPU
		{C080DFD3-CC65-4442-96FB-A8C08630398F}.Release|x64.Build.0 = Release|Any CPU
		{C080DFD3-CC65-4442-96FB-A8C08630398F}.Release|x86.ActiveCfg = Release|Any CPU
		{C080DFD3-CC65-4442-96FB-A8C08630398F}.Release|x86.Build.0 = Release|Any CPU
		{801DC074-E837-4638-ADC6-FFF4DC3D3015}.Debug|Any CPU.ActiveCfg = Debug|x86
		{801DC074-E837-4638-ADC6-FFF4DC3D3015}.Debug|ARM.ActiveCfg = Debug|ARM
		{801DC074-E837-4638-ADC6-FFF4DC3D3015}.Debug|ARM.Build.0 = Debug|ARM
		{801DC074-E837-4638-ADC6-FFF4DC3D3015}.Debug|ARM.Deploy.0 = Debug|ARM
		{801DC074-E837-4638-ADC6-FFF4DC3D3015}.Debug|ARM64.ActiveCfg = Debug|ARM64
		{801DC074-E837-4638-ADC6-FFF4DC3D3015}.Debug|ARM64.Build.0 = Debug|ARM64
		{801DC074-E837-4638-ADC6-FFF4DC3D3015}.Debug|ARM64.Deploy.0 = Debug|ARM64
		{801DC074-E837-4638-ADC6-FFF4DC3D3015}.Debug|x64.ActiveCfg = Debug|x64
		{801DC074-E837-4638-ADC6-FFF4DC3D3015}.Debug|x64.Build.0 = Debug|x64
		{801DC074-E837-4638-ADC6-FFF4DC3D3015}.Debug|x64.Deploy.0 = Debug|x64
		{801DC074-E837-4638-ADC6-FFF4DC3D3015}.Debug|x86.ActiveCfg = Debug|x86
		{801DC074-E837-4638-ADC6-FFF4DC3D3015}.Debug|x86.Build.0 = Debug|x86
		{801DC074-E837-4638-ADC6-FFF4DC3D3015}.Debug|x86.Deploy.0 = Debug|x86
		{801DC074-E837-4638-ADC6-FFF4DC3D3015}.Release|Any CPU.ActiveCfg = Release|x86
		{801DC074-E837-4638-ADC6-FFF4DC3D3015}.Release|ARM.ActiveCfg = Release|ARM
		{801DC074-E837-4638-ADC6-FFF4DC3D3015}.Release|ARM.Build.0 = Release|ARM
		{801DC074-E837-4638-ADC6-FFF4DC3D3015}.Release|ARM.Deploy.0 = Release|ARM
		{801DC074-E837-4638-ADC6-FFF4DC3D3015}.Release|ARM64.ActiveCfg = Release|ARM64
		{801DC074-E837-4638-ADC6-FFF4DC3D3015}.Release|ARM64.Build.0 = Release|ARM64
		{801DC074-E837-4638-ADC6-FFF4DC3D3015}.Release|ARM64.Deploy.0 = Release|ARM64
		{801DC074-E837-4638-ADC6-FFF4DC3D3015}.Release|x64.ActiveCfg = Release|x64
		{801DC074-E837-4638-ADC6-FFF4DC3D3015}.Release|x64.Build.0 = Release|x64
		{801DC074-E837-4638-ADC6-FFF4DC3D3015}.Release|x64.Deploy.0 = Release|x64
		{801DC074-E837-4638-ADC6-FFF4DC3D3015}.Release|x86.ActiveCfg = Release|x86
		{801DC074-E837-4638-ADC6-FFF4DC3D3015}.Release|x86.Build.0 = Release|x86
		{801DC074-E837-4638-ADC6-FFF4DC3D3015}.Release|x86.Deploy.0 = Release|x86
		{D88066F1-85D6-424F-BB50-18A3BFDD943D}.Debug|Any CPU.ActiveCfg = Debug|Any CPU
		{D88066F1-85D6-424F-BB50-18A3BFDD943D}.Debug|Any CPU.Build.0 = Debug|Any CPU
		{D88066F1-85D6-424F-BB50-18A3BFDD943D}.Debug|ARM.ActiveCfg = Debug|Any CPU
		{D88066F1-85D6-424F-BB50-18A3BFDD943D}.Debug|ARM.Build.0 = Debug|Any CPU
		{D88066F1-85D6-424F-BB50-18A3BFDD943D}.Debug|ARM64.ActiveCfg = Debug|Any CPU
		{D88066F1-85D6-424F-BB50-18A3BFDD943D}.Debug|ARM64.Build.0 = Debug|Any CPU
		{D88066F1-85D6-424F-BB50-18A3BFDD943D}.Debug|x64.ActiveCfg = Debug|Any CPU
		{D88066F1-85D6-424F-BB50-18A3BFDD943D}.Debug|x64.Build.0 = Debug|Any CPU
		{D88066F1-85D6-424F-BB50-18A3BFDD943D}.Debug|x86.ActiveCfg = Debug|Any CPU
		{D88066F1-85D6-424F-BB50-18A3BFDD943D}.Debug|x86.Build.0 = Debug|Any CPU
		{D88066F1-85D6-424F-BB50-18A3BFDD943D}.Release|Any CPU.ActiveCfg = Release|Any CPU
		{D88066F1-85D6-424F-BB50-18A3BFDD943D}.Release|Any CPU.Build.0 = Release|Any CPU
		{D88066F1-85D6-424F-BB50-18A3BFDD943D}.Release|ARM.ActiveCfg = Release|Any CPU
		{D88066F1-85D6-424F-BB50-18A3BFDD943D}.Release|ARM.Build.0 = Release|Any CPU
		{D88066F1-85D6-424F-BB50-18A3BFDD943D}.Release|ARM64.ActiveCfg = Release|Any CPU
		{D88066F1-85D6-424F-BB50-18A3BFDD943D}.Release|ARM64.Build.0 = Release|Any CPU
		{D88066F1-85D6-424F-BB50-18A3BFDD943D}.Release|x64.ActiveCfg = Release|Any CPU
		{D88066F1-85D6-424F-BB50-18A3BFDD943D}.Release|x64.Build.0 = Release|Any CPU
		{D88066F1-85D6-424F-BB50-18A3BFDD943D}.Release|x86.ActiveCfg = Release|Any CPU
		{D88066F1-85D6-424F-BB50-18A3BFDD943D}.Release|x86.Build.0 = Release|Any CPU
		{C2ED2104-390B-45D3-9ECA-B6A2E1FBC47A}.Debug|Any CPU.ActiveCfg = Debug|Any CPU
		{C2ED2104-390B-45D3-9ECA-B6A2E1FBC47A}.Debug|Any CPU.Build.0 = Debug|Any CPU
		{C2ED2104-390B-45D3-9ECA-B6A2E1FBC47A}.Debug|ARM.ActiveCfg = Debug|Any CPU
		{C2ED2104-390B-45D3-9ECA-B6A2E1FBC47A}.Debug|ARM.Build.0 = Debug|Any CPU
		{C2ED2104-390B-45D3-9ECA-B6A2E1FBC47A}.Debug|ARM64.ActiveCfg = Debug|Any CPU
		{C2ED2104-390B-45D3-9ECA-B6A2E1FBC47A}.Debug|ARM64.Build.0 = Debug|Any CPU
		{C2ED2104-390B-45D3-9ECA-B6A2E1FBC47A}.Debug|x64.ActiveCfg = Debug|Any CPU
		{C2ED2104-390B-45D3-9ECA-B6A2E1FBC47A}.Debug|x64.Build.0 = Debug|Any CPU
		{C2ED2104-390B-45D3-9ECA-B6A2E1FBC47A}.Debug|x86.ActiveCfg = Debug|Any CPU
		{C2ED2104-390B-45D3-9ECA-B6A2E1FBC47A}.Debug|x86.Build.0 = Debug|Any CPU
		{C2ED2104-390B-45D3-9ECA-B6A2E1FBC47A}.Release|Any CPU.ActiveCfg = Release|Any CPU
		{C2ED2104-390B-45D3-9ECA-B6A2E1FBC47A}.Release|Any CPU.Build.0 = Release|Any CPU
		{C2ED2104-390B-45D3-9ECA-B6A2E1FBC47A}.Release|ARM.ActiveCfg = Release|Any CPU
		{C2ED2104-390B-45D3-9ECA-B6A2E1FBC47A}.Release|ARM.Build.0 = Release|Any CPU
		{C2ED2104-390B-45D3-9ECA-B6A2E1FBC47A}.Release|ARM64.ActiveCfg = Release|Any CPU
		{C2ED2104-390B-45D3-9ECA-B6A2E1FBC47A}.Release|ARM64.Build.0 = Release|Any CPU
		{C2ED2104-390B-45D3-9ECA-B6A2E1FBC47A}.Release|x64.ActiveCfg = Release|Any CPU
		{C2ED2104-390B-45D3-9ECA-B6A2E1FBC47A}.Release|x64.Build.0 = Release|Any CPU
		{C2ED2104-390B-45D3-9ECA-B6A2E1FBC47A}.Release|x86.ActiveCfg = Release|Any CPU
		{C2ED2104-390B-45D3-9ECA-B6A2E1FBC47A}.Release|x86.Build.0 = Release|Any CPU
	EndGlobalSection
	GlobalSection(SolutionProperties) = preSolution
		HideSolutionNode = FALSE
	EndGlobalSection
	GlobalSection(ExtensibilityGlobals) = postSolution
		SolutionGuid = {4BB7C6B8-DAF4-4E01-B502-9E26075F82B2}
	EndGlobalSection
	GlobalSection(Performance) = preSolution
		HasPerformanceSessions = true
	EndGlobalSection
EndGlobal
