
Microsoft Visual Studio Solution File, Format Version 12.00
# Visual Studio Version 16
VisualStudioVersion = 16.0.28803.156
MinimumVisualStudioVersion = 10.0.40219.1
Project("{9A19103F-16F7-4668-BE54-9A1E7A4F7556}") = "QuAnalyzer", "QuAnalyzer\QuAnalyzer.csproj", "{C080DFD3-CC65-4442-96FB-A8C08630398F}"
EndProject
Project("{9A19103F-16F7-4668-BE54-9A1E7A4F7556}") = "OracleManagedDataProvider", "OracleManagedDataProvider\OracleManagedDataProvider.csproj", "{2D43D4C6-79E9-463C-8D67-F932DFC6EDBF}"
EndProject
Project("{FAE04EC0-301F-11D3-BF4B-00C04F79EFBC}") = "HttpProvider", "HttpProvider\HttpProvider.csproj", "{4B7D972E-8FF7-47DD-ADB7-82101868A209}"
EndProject
Project("{9A19103F-16F7-4668-BE54-9A1E7A4F7556}") = "ExcelDataProvider", "ExcelDataProvider\ExcelDataProvider.csproj", "{1CECEE50-B636-4844-BABE-FA8501DEC32E}"
EndProject
Project("{FAE04EC0-301F-11D3-BF4B-00C04F79EFBC}") = "SAPDataProvider", "SAPDataProvider\SAPDataProvider.csproj", "{6ABDD9EF-0312-41EB-AB16-F86AD08F251E}"
EndProject
Project("{9A19103F-16F7-4668-BE54-9A1E7A4F7556}") = "DataProviders", "DataProviders\DataProviders.csproj", "{AB2C616C-8B8D-40DB-B460-36C71A9FEF21}"
EndProject
Project("{9A19103F-16F7-4668-BE54-9A1E7A4F7556}") = "Extensions", "Extensions\Extensions.csproj", "{EB1C22E3-99DE-4CDE-8AA5-14DE183A7A1D}"
EndProject
Project("{9A19103F-16F7-4668-BE54-9A1E7A4F7556}") = "NPOIExcelDataProvider", "NPOIExcelDataProvider\NPOIExcelDataProvider.csproj", "{140BF132-258A-4EA1-8611-1D5F4AC40449}"
EndProject
Project("{2150E333-8FDC-42A3-9474-1A3956D46DE8}") = "Providers", "Providers", "{8C7C417D-F0C5-4275-A3A0-A547F6D73548}"
EndProject
Project("{FAE04EC0-301F-11D3-BF4B-00C04F79EFBC}") = "SqlServerDataProvider", "SqlServerDataProvider\SqlServerDataProvider.csproj", "{94ECE385-03DB-42BD-B950-D4EEDE6E15F8}"
EndProject
Project("{FAE04EC0-301F-11D3-BF4B-00C04F79EFBC}") = "CSVDataProvider", "CSVDataProvider\CSVDataProvider.csproj", "{45F2E80A-CB0E-4DFE-8819-F60997BC4E45}"
EndProject
Global
	GlobalSection(SolutionConfigurationPlatforms) = preSolution
		Debug|Any CPU = Debug|Any CPU
		Debug|x64 = Debug|x64
		Debug|x86 = Debug|x86
		Release|Any CPU = Release|Any CPU
		Release|x64 = Release|x64
		Release|x86 = Release|x86
	EndGlobalSection
	GlobalSection(ProjectConfigurationPlatforms) = postSolution
		{C080DFD3-CC65-4442-96FB-A8C08630398F}.Debug|Any CPU.ActiveCfg = Debug|Any CPU
		{C080DFD3-CC65-4442-96FB-A8C08630398F}.Debug|Any CPU.Build.0 = Debug|Any CPU
		{C080DFD3-CC65-4442-96FB-A8C08630398F}.Debug|x64.ActiveCfg = Debug|Any CPU
		{C080DFD3-CC65-4442-96FB-A8C08630398F}.Debug|x64.Build.0 = Debug|Any CPU
		{C080DFD3-CC65-4442-96FB-A8C08630398F}.Debug|x86.ActiveCfg = Debug|Any CPU
		{C080DFD3-CC65-4442-96FB-A8C08630398F}.Debug|x86.Build.0 = Debug|Any CPU
		{C080DFD3-CC65-4442-96FB-A8C08630398F}.Release|Any CPU.ActiveCfg = Release|Any CPU
		{C080DFD3-CC65-4442-96FB-A8C08630398F}.Release|Any CPU.Build.0 = Release|Any CPU
		{C080DFD3-CC65-4442-96FB-A8C08630398F}.Release|x64.ActiveCfg = Release|Any CPU
		{C080DFD3-CC65-4442-96FB-A8C08630398F}.Release|x64.Build.0 = Release|Any CPU
		{C080DFD3-CC65-4442-96FB-A8C08630398F}.Release|x86.ActiveCfg = Release|Any CPU
		{C080DFD3-CC65-4442-96FB-A8C08630398F}.Release|x86.Build.0 = Release|Any CPU
		{2D43D4C6-79E9-463C-8D67-F932DFC6EDBF}.Debug|Any CPU.ActiveCfg = Debug|Any CPU
		{2D43D4C6-79E9-463C-8D67-F932DFC6EDBF}.Debug|Any CPU.Build.0 = Debug|Any CPU
		{2D43D4C6-79E9-463C-8D67-F932DFC6EDBF}.Debug|x64.ActiveCfg = Debug|Any CPU
		{2D43D4C6-79E9-463C-8D67-F932DFC6EDBF}.Debug|x64.Build.0 = Debug|Any CPU
		{2D43D4C6-79E9-463C-8D67-F932DFC6EDBF}.Debug|x86.ActiveCfg = Debug|Any CPU
		{2D43D4C6-79E9-463C-8D67-F932DFC6EDBF}.Debug|x86.Build.0 = Debug|Any CPU
		{2D43D4C6-79E9-463C-8D67-F932DFC6EDBF}.Release|Any CPU.ActiveCfg = Release|Any CPU
		{2D43D4C6-79E9-463C-8D67-F932DFC6EDBF}.Release|Any CPU.Build.0 = Release|Any CPU
		{2D43D4C6-79E9-463C-8D67-F932DFC6EDBF}.Release|x64.ActiveCfg = Release|Any CPU
		{2D43D4C6-79E9-463C-8D67-F932DFC6EDBF}.Release|x64.Build.0 = Release|Any CPU
		{2D43D4C6-79E9-463C-8D67-F932DFC6EDBF}.Release|x86.ActiveCfg = Release|Any CPU
		{2D43D4C6-79E9-463C-8D67-F932DFC6EDBF}.Release|x86.Build.0 = Release|Any CPU
		{4B7D972E-8FF7-47DD-ADB7-82101868A209}.Debug|Any CPU.ActiveCfg = Debug|Any CPU
		{4B7D972E-8FF7-47DD-ADB7-82101868A209}.Debug|Any CPU.Build.0 = Debug|Any CPU
		{4B7D972E-8FF7-47DD-ADB7-82101868A209}.Debug|x64.ActiveCfg = Debug|Any CPU
		{4B7D972E-8FF7-47DD-ADB7-82101868A209}.Debug|x64.Build.0 = Debug|Any CPU
		{4B7D972E-8FF7-47DD-ADB7-82101868A209}.Debug|x86.ActiveCfg = Debug|Any CPU
		{4B7D972E-8FF7-47DD-ADB7-82101868A209}.Debug|x86.Build.0 = Debug|Any CPU
		{4B7D972E-8FF7-47DD-ADB7-82101868A209}.Release|Any CPU.ActiveCfg = Release|Any CPU
		{4B7D972E-8FF7-47DD-ADB7-82101868A209}.Release|Any CPU.Build.0 = Release|Any CPU
		{4B7D972E-8FF7-47DD-ADB7-82101868A209}.Release|x64.ActiveCfg = Release|Any CPU
		{4B7D972E-8FF7-47DD-ADB7-82101868A209}.Release|x64.Build.0 = Release|Any CPU
		{4B7D972E-8FF7-47DD-ADB7-82101868A209}.Release|x86.ActiveCfg = Release|Any CPU
		{4B7D972E-8FF7-47DD-ADB7-82101868A209}.Release|x86.Build.0 = Release|Any CPU
		{1CECEE50-B636-4844-BABE-FA8501DEC32E}.Debug|Any CPU.ActiveCfg = Debug|Any CPU
		{1CECEE50-B636-4844-BABE-FA8501DEC32E}.Debug|Any CPU.Build.0 = Debug|Any CPU
		{1CECEE50-B636-4844-BABE-FA8501DEC32E}.Debug|x64.ActiveCfg = Debug|Any CPU
		{1CECEE50-B636-4844-BABE-FA8501DEC32E}.Debug|x64.Build.0 = Debug|Any CPU
		{1CECEE50-B636-4844-BABE-FA8501DEC32E}.Debug|x86.ActiveCfg = Debug|Any CPU
		{1CECEE50-B636-4844-BABE-FA8501DEC32E}.Debug|x86.Build.0 = Debug|Any CPU
		{1CECEE50-B636-4844-BABE-FA8501DEC32E}.Release|Any CPU.ActiveCfg = Release|Any CPU
		{1CECEE50-B636-4844-BABE-FA8501DEC32E}.Release|Any CPU.Build.0 = Release|Any CPU
		{1CECEE50-B636-4844-BABE-FA8501DEC32E}.Release|x64.ActiveCfg = Release|Any CPU
		{1CECEE50-B636-4844-BABE-FA8501DEC32E}.Release|x64.Build.0 = Release|Any CPU
		{1CECEE50-B636-4844-BABE-FA8501DEC32E}.Release|x86.ActiveCfg = Release|Any CPU
		{1CECEE50-B636-4844-BABE-FA8501DEC32E}.Release|x86.Build.0 = Release|Any CPU
		{6ABDD9EF-0312-41EB-AB16-F86AD08F251E}.Debug|Any CPU.ActiveCfg = Debug|Any CPU
		{6ABDD9EF-0312-41EB-AB16-F86AD08F251E}.Debug|Any CPU.Build.0 = Debug|Any CPU
		{6ABDD9EF-0312-41EB-AB16-F86AD08F251E}.Debug|x64.ActiveCfg = Debug|x64
		{6ABDD9EF-0312-41EB-AB16-F86AD08F251E}.Debug|x64.Build.0 = Debug|x64
		{6ABDD9EF-0312-41EB-AB16-F86AD08F251E}.Debug|x86.ActiveCfg = Debug|x86
		{6ABDD9EF-0312-41EB-AB16-F86AD08F251E}.Debug|x86.Build.0 = Debug|x86
		{6ABDD9EF-0312-41EB-AB16-F86AD08F251E}.Release|Any CPU.ActiveCfg = Release|Any CPU
		{6ABDD9EF-0312-41EB-AB16-F86AD08F251E}.Release|Any CPU.Build.0 = Release|Any CPU
		{6ABDD9EF-0312-41EB-AB16-F86AD08F251E}.Release|x64.ActiveCfg = Release|x64
		{6ABDD9EF-0312-41EB-AB16-F86AD08F251E}.Release|x64.Build.0 = Release|x64
		{6ABDD9EF-0312-41EB-AB16-F86AD08F251E}.Release|x86.ActiveCfg = Release|x86
		{6ABDD9EF-0312-41EB-AB16-F86AD08F251E}.Release|x86.Build.0 = Release|x86
		{AB2C616C-8B8D-40DB-B460-36C71A9FEF21}.Debug|Any CPU.ActiveCfg = Debug|Any CPU
		{AB2C616C-8B8D-40DB-B460-36C71A9FEF21}.Debug|Any CPU.Build.0 = Debug|Any CPU
		{AB2C616C-8B8D-40DB-B460-36C71A9FEF21}.Debug|x64.ActiveCfg = Debug|Any CPU
		{AB2C616C-8B8D-40DB-B460-36C71A9FEF21}.Debug|x64.Build.0 = Debug|Any CPU
		{AB2C616C-8B8D-40DB-B460-36C71A9FEF21}.Debug|x86.ActiveCfg = Debug|Any CPU
		{AB2C616C-8B8D-40DB-B460-36C71A9FEF21}.Debug|x86.Build.0 = Debug|Any CPU
		{AB2C616C-8B8D-40DB-B460-36C71A9FEF21}.Release|Any CPU.ActiveCfg = Release|Any CPU
		{AB2C616C-8B8D-40DB-B460-36C71A9FEF21}.Release|Any CPU.Build.0 = Release|Any CPU
		{AB2C616C-8B8D-40DB-B460-36C71A9FEF21}.Release|x64.ActiveCfg = Release|Any CPU
		{AB2C616C-8B8D-40DB-B460-36C71A9FEF21}.Release|x64.Build.0 = Release|Any CPU
		{AB2C616C-8B8D-40DB-B460-36C71A9FEF21}.Release|x86.ActiveCfg = Release|Any CPU
		{AB2C616C-8B8D-40DB-B460-36C71A9FEF21}.Release|x86.Build.0 = Release|Any CPU
		{EB1C22E3-99DE-4CDE-8AA5-14DE183A7A1D}.Debug|Any CPU.ActiveCfg = Debug|Any CPU
		{EB1C22E3-99DE-4CDE-8AA5-14DE183A7A1D}.Debug|Any CPU.Build.0 = Debug|Any CPU
		{EB1C22E3-99DE-4CDE-8AA5-14DE183A7A1D}.Debug|x64.ActiveCfg = Debug|Any CPU
		{EB1C22E3-99DE-4CDE-8AA5-14DE183A7A1D}.Debug|x64.Build.0 = Debug|Any CPU
		{EB1C22E3-99DE-4CDE-8AA5-14DE183A7A1D}.Debug|x86.ActiveCfg = Debug|Any CPU
		{EB1C22E3-99DE-4CDE-8AA5-14DE183A7A1D}.Debug|x86.Build.0 = Debug|Any CPU
		{EB1C22E3-99DE-4CDE-8AA5-14DE183A7A1D}.Release|Any CPU.ActiveCfg = Release|Any CPU
		{EB1C22E3-99DE-4CDE-8AA5-14DE183A7A1D}.Release|Any CPU.Build.0 = Release|Any CPU
		{EB1C22E3-99DE-4CDE-8AA5-14DE183A7A1D}.Release|x64.ActiveCfg = Release|Any CPU
		{EB1C22E3-99DE-4CDE-8AA5-14DE183A7A1D}.Release|x64.Build.0 = Release|Any CPU
		{EB1C22E3-99DE-4CDE-8AA5-14DE183A7A1D}.Release|x86.ActiveCfg = Release|Any CPU
		{EB1C22E3-99DE-4CDE-8AA5-14DE183A7A1D}.Release|x86.Build.0 = Release|Any CPU
		{140BF132-258A-4EA1-8611-1D5F4AC40449}.Debug|Any CPU.ActiveCfg = Debug|Any CPU
		{140BF132-258A-4EA1-8611-1D5F4AC40449}.Debug|Any CPU.Build.0 = Debug|Any CPU
		{140BF132-258A-4EA1-8611-1D5F4AC40449}.Debug|x64.ActiveCfg = Debug|Any CPU
		{140BF132-258A-4EA1-8611-1D5F4AC40449}.Debug|x64.Build.0 = Debug|Any CPU
		{140BF132-258A-4EA1-8611-1D5F4AC40449}.Debug|x86.ActiveCfg = Debug|Any CPU
		{140BF132-258A-4EA1-8611-1D5F4AC40449}.Debug|x86.Build.0 = Debug|Any CPU
		{140BF132-258A-4EA1-8611-1D5F4AC40449}.Release|Any CPU.ActiveCfg = Release|Any CPU
		{140BF132-258A-4EA1-8611-1D5F4AC40449}.Release|Any CPU.Build.0 = Release|Any CPU
		{140BF132-258A-4EA1-8611-1D5F4AC40449}.Release|x64.ActiveCfg = Release|Any CPU
		{140BF132-258A-4EA1-8611-1D5F4AC40449}.Release|x64.Build.0 = Release|Any CPU
		{140BF132-258A-4EA1-8611-1D5F4AC40449}.Release|x86.ActiveCfg = Release|Any CPU
		{140BF132-258A-4EA1-8611-1D5F4AC40449}.Release|x86.Build.0 = Release|Any CPU
		{94ECE385-03DB-42BD-B950-D4EEDE6E15F8}.Debug|Any CPU.ActiveCfg = Debug|Any CPU
		{94ECE385-03DB-42BD-B950-D4EEDE6E15F8}.Debug|Any CPU.Build.0 = Debug|Any CPU
		{94ECE385-03DB-42BD-B950-D4EEDE6E15F8}.Debug|x64.ActiveCfg = Debug|Any CPU
		{94ECE385-03DB-42BD-B950-D4EEDE6E15F8}.Debug|x64.Build.0 = Debug|Any CPU
		{94ECE385-03DB-42BD-B950-D4EEDE6E15F8}.Debug|x86.ActiveCfg = Debug|Any CPU
		{94ECE385-03DB-42BD-B950-D4EEDE6E15F8}.Debug|x86.Build.0 = Debug|Any CPU
		{94ECE385-03DB-42BD-B950-D4EEDE6E15F8}.Release|Any CPU.ActiveCfg = Release|Any CPU
		{94ECE385-03DB-42BD-B950-D4EEDE6E15F8}.Release|Any CPU.Build.0 = Release|Any CPU
		{94ECE385-03DB-42BD-B950-D4EEDE6E15F8}.Release|x64.ActiveCfg = Release|Any CPU
		{94ECE385-03DB-42BD-B950-D4EEDE6E15F8}.Release|x64.Build.0 = Release|Any CPU
		{94ECE385-03DB-42BD-B950-D4EEDE6E15F8}.Release|x86.ActiveCfg = Release|Any CPU
		{94ECE385-03DB-42BD-B950-D4EEDE6E15F8}.Release|x86.Build.0 = Release|Any CPU
		{45F2E80A-CB0E-4DFE-8819-F60997BC4E45}.Debug|Any CPU.ActiveCfg = Debug|Any CPU
		{45F2E80A-CB0E-4DFE-8819-F60997BC4E45}.Debug|Any CPU.Build.0 = Debug|Any CPU
		{45F2E80A-CB0E-4DFE-8819-F60997BC4E45}.Debug|x64.ActiveCfg = Debug|Any CPU
		{45F2E80A-CB0E-4DFE-8819-F60997BC4E45}.Debug|x64.Build.0 = Debug|Any CPU
		{45F2E80A-CB0E-4DFE-8819-F60997BC4E45}.Debug|x86.ActiveCfg = Debug|Any CPU
		{45F2E80A-CB0E-4DFE-8819-F60997BC4E45}.Debug|x86.Build.0 = Debug|Any CPU
		{45F2E80A-CB0E-4DFE-8819-F60997BC4E45}.Release|Any CPU.ActiveCfg = Release|Any CPU
		{45F2E80A-CB0E-4DFE-8819-F60997BC4E45}.Release|Any CPU.Build.0 = Release|Any CPU
		{45F2E80A-CB0E-4DFE-8819-F60997BC4E45}.Release|x64.ActiveCfg = Release|Any CPU
		{45F2E80A-CB0E-4DFE-8819-F60997BC4E45}.Release|x64.Build.0 = Release|Any CPU
		{45F2E80A-CB0E-4DFE-8819-F60997BC4E45}.Release|x86.ActiveCfg = Release|Any CPU
		{45F2E80A-CB0E-4DFE-8819-F60997BC4E45}.Release|x86.Build.0 = Release|Any CPU
	EndGlobalSection
	GlobalSection(SolutionProperties) = preSolution
		HideSolutionNode = FALSE
	EndGlobalSection
	GlobalSection(NestedProjects) = preSolution
		{2D43D4C6-79E9-463C-8D67-F932DFC6EDBF} = {8C7C417D-F0C5-4275-A3A0-A547F6D73548}
		{4B7D972E-8FF7-47DD-ADB7-82101868A209} = {8C7C417D-F0C5-4275-A3A0-A547F6D73548}
		{1CECEE50-B636-4844-BABE-FA8501DEC32E} = {8C7C417D-F0C5-4275-A3A0-A547F6D73548}
		{6ABDD9EF-0312-41EB-AB16-F86AD08F251E} = {8C7C417D-F0C5-4275-A3A0-A547F6D73548}
		{AB2C616C-8B8D-40DB-B460-36C71A9FEF21} = {8C7C417D-F0C5-4275-A3A0-A547F6D73548}
		{140BF132-258A-4EA1-8611-1D5F4AC40449} = {8C7C417D-F0C5-4275-A3A0-A547F6D73548}
		{94ECE385-03DB-42BD-B950-D4EEDE6E15F8} = {8C7C417D-F0C5-4275-A3A0-A547F6D73548}
		{45F2E80A-CB0E-4DFE-8819-F60997BC4E45} = {8C7C417D-F0C5-4275-A3A0-A547F6D73548}
	EndGlobalSection
	GlobalSection(ExtensibilityGlobals) = postSolution
		SolutionGuid = {4BB7C6B8-DAF4-4E01-B502-9E26075F82B2}
	EndGlobalSection
	GlobalSection(Performance) = preSolution
		HasPerformanceSessions = true
	EndGlobalSection
EndGlobal
